
Microsoft Visual Studio Solution File, Format Version 12.00
# Visual Studio 15
Project("{FAE04EC0-301F-11D3-BF4B-00C04F79EFBC}") = "PhotonUnityNetworking.Demos", "PhotonUnityNetworking.Demos.csproj", "{59C5F77F-62D1-B85E-EA1C-604636E26576}"
EndProject
Project("{FAE04EC0-301F-11D3-BF4B-00C04F79EFBC}") = "PhotonUnityNetworking.Utilities", "PhotonUnityNetworking.Utilities.csproj", "{3F777DE0-C194-FCC9-B302-90326276C892}"
EndProject
Project("{FAE04EC0-301F-11D3-BF4B-00C04F79EFBC}") = "PhotonChat", "PhotonChat.csproj", "{6A0DFB50-0D16-6841-9B86-2E27AC007046}"
EndProject
Project("{FAE04EC0-301F-11D3-BF4B-00C04F79EFBC}") = "PhotonUnityNetworking", "PhotonUnityNetworking.csproj", "{77F972E3-DBB5-46E9-AE9D-C54B83D62C91}"
EndProject
Project("{FAE04EC0-301F-11D3-BF4B-00C04F79EFBC}") = "Assembly-CSharp", "Assembly-CSharp.csproj", "{03269D2B-CF04-FDF2-BFBB-43D84D8BC819}"
EndProject
Project("{FAE04EC0-301F-11D3-BF4B-00C04F79EFBC}") = "Assembly-CSharp-firstpass", "Assembly-CSharp-firstpass.csproj", "{7CEB305C-FFE1-538B-4AFF-288691677E22}"
EndProject
Project("{FAE04EC0-301F-11D3-BF4B-00C04F79EFBC}") = "PhotonRealtime", "PhotonRealtime.csproj", "{7F25242C-A3AC-D01C-9763-E5FAEC3E701E}"
EndProject
Project("{FAE04EC0-301F-11D3-BF4B-00C04F79EFBC}") = "PhotonUnityNetworking.Editor", "PhotonUnityNetworking.Editor.csproj", "{67B1B4EB-7D2E-7664-E1D2-C32C485FF35A}"
EndProject
Project("{FAE04EC0-301F-11D3-BF4B-00C04F79EFBC}") = "PunDemos.DemoHubEditor", "PunDemos.DemoHubEditor.csproj", "{887ECA6D-D01A-2962-3828-2F8F80B6AB31}"
EndProject
Project("{FAE04EC0-301F-11D3-BF4B-00C04F79EFBC}") = "PhotonUnityNetworking.Utilities.PhotonPlayer.Editor", "PhotonUnityNetworking.Utilities.PhotonPlayer.Editor.csproj", "{5031E755-EE01-F188-9524-3AB33DFB1D67}"
EndProject
Project("{FAE04EC0-301F-11D3-BF4B-00C04F79EFBC}") = "PhotonUnityNetworking.Utilities.Culling.Editor", "PhotonUnityNetworking.Utilities.Culling.Editor.csproj", "{7B36E9B4-D938-C5A6-E10D-9B9CC2C50FD5}"
EndProject
Project("{FAE04EC0-301F-11D3-BF4B-00C04F79EFBC}") = "Assembly-CSharp-Editor-firstpass", "Assembly-CSharp-Editor-firstpass.csproj", "{C58CE6B6-92FD-CE7F-09CB-C5DB96456D19}"
EndProject
Project("{FAE04EC0-301F-11D3-BF4B-00C04F79EFBC}") = "PunDemos.DemoSlotcarEditor", "PunDemos.DemoSlotcarEditor.csproj", "{CC5DAC2D-E627-5367-BBF1-03C6EE2F0D6E}"
EndProject
Global
	GlobalSection(SolutionConfigurationPlatforms) = preSolution
		Debug|Any CPU = Debug|Any CPU
		Release|Any CPU = Release|Any CPU
	EndGlobalSection
	GlobalSection(ProjectConfigurationPlatforms) = postSolution
		{59C5F77F-62D1-B85E-EA1C-604636E26576}.Debug|Any CPU.ActiveCfg = Debug|Any CPU
		{59C5F77F-62D1-B85E-EA1C-604636E26576}.Debug|Any CPU.Build.0 = Debug|Any CPU
		{59C5F77F-62D1-B85E-EA1C-604636E26576}.Release|Any CPU.ActiveCfg = Release|Any CPU
		{59C5F77F-62D1-B85E-EA1C-604636E26576}.Release|Any CPU.Build.0 = Release|Any CPU
		{3F777DE0-C194-FCC9-B302-90326276C892}.Debug|Any CPU.ActiveCfg = Debug|Any CPU
		{3F777DE0-C194-FCC9-B302-90326276C892}.Debug|Any CPU.Build.0 = Debug|Any CPU
		{3F777DE0-C194-FCC9-B302-90326276C892}.Release|Any CPU.ActiveCfg = Release|Any CPU
		{3F777DE0-C194-FCC9-B302-90326276C892}.Release|Any CPU.Build.0 = Release|Any CPU
		{6A0DFB50-0D16-6841-9B86-2E27AC007046}.Debug|Any CPU.ActiveCfg = Debug|Any CPU
		{6A0DFB50-0D16-6841-9B86-2E27AC007046}.Debug|Any CPU.Build.0 = Debug|Any CPU
		{6A0DFB50-0D16-6841-9B86-2E27AC007046}.Release|Any CPU.ActiveCfg = Release|Any CPU
		{6A0DFB50-0D16-6841-9B86-2E27AC007046}.Release|Any CPU.Build.0 = Release|Any CPU
		{77F972E3-DBB5-46E9-AE9D-C54B83D62C91}.Debug|Any CPU.ActiveCfg = Debug|Any CPU
		{77F972E3-DBB5-46E9-AE9D-C54B83D62C91}.Debug|Any CPU.Build.0 = Debug|Any CPU
		{77F972E3-DBB5-46E9-AE9D-C54B83D62C91}.Release|Any CPU.ActiveCfg = Release|Any CPU
		{77F972E3-DBB5-46E9-AE9D-C54B83D62C91}.Release|Any CPU.Build.0 = Release|Any CPU
		{03269D2B-CF04-FDF2-BFBB-43D84D8BC819}.Debug|Any CPU.ActiveCfg = Debug|Any CPU
		{03269D2B-CF04-FDF2-BFBB-43D84D8BC819}.Debug|Any CPU.Build.0 = Debug|Any CPU
		{03269D2B-CF04-FDF2-BFBB-43D84D8BC819}.Release|Any CPU.ActiveCfg = Release|Any CPU
		{03269D2B-CF04-FDF2-BFBB-43D84D8BC819}.Release|Any CPU.Build.0 = Release|Any CPU
		{7CEB305C-FFE1-538B-4AFF-288691677E22}.Debug|Any CPU.ActiveCfg = Debug|Any CPU
		{7CEB305C-FFE1-538B-4AFF-288691677E22}.Debug|Any CPU.Build.0 = Debug|Any CPU
		{7CEB305C-FFE1-538B-4AFF-288691677E22}.Release|Any CPU.ActiveCfg = Release|Any CPU
		{7CEB305C-FFE1-538B-4AFF-288691677E22}.Release|Any CPU.Build.0 = Release|Any CPU
		{7F25242C-A3AC-D01C-9763-E5FAEC3E701E}.Debug|Any CPU.ActiveCfg = Debug|Any CPU
		{7F25242C-A3AC-D01C-9763-E5FAEC3E701E}.Debug|Any CPU.Build.0 = Debug|Any CPU
		{7F25242C-A3AC-D01C-9763-E5FAEC3E701E}.Release|Any CPU.ActiveCfg = Release|Any CPU
		{7F25242C-A3AC-D01C-9763-E5FAEC3E701E}.Release|Any CPU.Build.0 = Release|Any CPU
		{67B1B4EB-7D2E-7664-E1D2-C32C485FF35A}.Debug|Any CPU.ActiveCfg = Debug|Any CPU
		{67B1B4EB-7D2E-7664-E1D2-C32C485FF35A}.Debug|Any CPU.Build.0 = Debug|Any CPU
		{67B1B4EB-7D2E-7664-E1D2-C32C485FF35A}.Release|Any CPU.ActiveCfg = Release|Any CPU
		{67B1B4EB-7D2E-7664-E1D2-C32C485FF35A}.Release|Any CPU.Build.0 = Release|Any CPU
		{887ECA6D-D01A-2962-3828-2F8F80B6AB31}.Debug|Any CPU.ActiveCfg = Debug|Any CPU
		{887ECA6D-D01A-2962-3828-2F8F80B6AB31}.Debug|Any CPU.Build.0 = Debug|Any CPU
		{887ECA6D-D01A-2962-3828-2F8F80B6AB31}.Release|Any CPU.ActiveCfg = Release|Any CPU
		{887ECA6D-D01A-2962-3828-2F8F80B6AB31}.Release|Any CPU.Build.0 = Release|Any CPU
		{5031E755-EE01-F188-9524-3AB33DFB1D67}.Debug|Any CPU.ActiveCfg = Debug|Any CPU
		{5031E755-EE01-F188-9524-3AB33DFB1D67}.Debug|Any CPU.Build.0 = Debug|Any CPU
		{5031E755-EE01-F188-9524-3AB33DFB1D67}.Release|Any CPU.ActiveCfg = Release|Any CPU
		{5031E755-EE01-F188-9524-3AB33DFB1D67}.Release|Any CPU.Build.0 = Release|Any CPU
		{7B36E9B4-D938-C5A6-E10D-9B9CC2C50FD5}.Debug|Any CPU.ActiveCfg = Debug|Any CPU
		{7B36E9B4-D938-C5A6-E10D-9B9CC2C50FD5}.Debug|Any CPU.Build.0 = Debug|Any CPU
		{7B36E9B4-D938-C5A6-E10D-9B9CC2C50FD5}.Release|Any CPU.ActiveCfg = Release|Any CPU
		{7B36E9B4-D938-C5A6-E10D-9B9CC2C50FD5}.Release|Any CPU.Build.0 = Release|Any CPU
		{C58CE6B6-92FD-CE7F-09CB-C5DB96456D19}.Debug|Any CPU.ActiveCfg = Debug|Any CPU
		{C58CE6B6-92FD-CE7F-09CB-C5DB96456D19}.Debug|Any CPU.Build.0 = Debug|Any CPU
		{C58CE6B6-92FD-CE7F-09CB-C5DB96456D19}.Release|Any CPU.ActiveCfg = Release|Any CPU
		{C58CE6B6-92FD-CE7F-09CB-C5DB96456D19}.Release|Any CPU.Build.0 = Release|Any CPU
		{CC5DAC2D-E627-5367-BBF1-03C6EE2F0D6E}.Debug|Any CPU.ActiveCfg = Debug|Any CPU
		{CC5DAC2D-E627-5367-BBF1-03C6EE2F0D6E}.Debug|Any CPU.Build.0 = Debug|Any CPU
		{CC5DAC2D-E627-5367-BBF1-03C6EE2F0D6E}.Release|Any CPU.ActiveCfg = Release|Any CPU
		{CC5DAC2D-E627-5367-BBF1-03C6EE2F0D6E}.Release|Any CPU.Build.0 = Release|Any CPU
	EndGlobalSection
	GlobalSection(SolutionProperties) = preSolution
		HideSolutionNode = FALSE
	EndGlobalSection
EndGlobal
